
Microsoft Visual Studio Solution File, Format Version 12.00
# Visual Studio Version 17
VisualStudioVersion = 17.13.35825.156 d17.13
MinimumVisualStudioVersion = 10.0.40219.1
Project("{8BC9CEB8-8B4A-11D0-8D11-00A0C91BC942}") = "Bank Management System", "Bank Management System.vcxproj", "{80A1BA4A-9659-4677-94E3-DCD5C3AC8F88}"
EndProject
Global
	GlobalSection(SolutionConfigurationPlatforms) = preSolution
		Debug|x64 = Debug|x64
		Debug|x86 = Debug|x86
		Release|x64 = Release|x64
		Release|x86 = Release|x86
	EndGlobalSection
	GlobalSection(ProjectConfigurationPlatforms) = postSolution
		{80A1BA4A-9659-4677-94E3-DCD5C3AC8F88}.Debug|x64.ActiveCfg = Debug|x64
		{80A1BA4A-9659-4677-94E3-DCD5C3AC8F88}.Debug|x64.Build.0 = Debug|x64
		{80A1BA4A-9659-4677-94E3-DCD5C3AC8F88}.Debug|x86.ActiveCfg = Debug|Win32
		{80A1BA4A-9659-4677-94E3-DCD5C3AC8F88}.Debug|x86.Build.0 = Debug|Win32
		{80A1BA4A-9659-4677-94E3-DCD5C3AC8F88}.Release|x64.ActiveCfg = Release|x64
		{80A1BA4A-9659-4677-94E3-DCD5C3AC8F88}.Release|x64.Build.0 = Release|x64
		{80A1BA4A-9659-4677-94E3-DCD5C3AC8F88}.Release|x86.ActiveCfg = Release|Win32
		{80A1BA4A-9659-4677-94E3-DCD5C3AC8F88}.Release|x86.Build.0 = Release|Win32
	EndGlobalSection
	GlobalSection(SolutionProperties) = preSolution
		HideSolutionNode = FALSE
	EndGlobalSection
	GlobalSection(ExtensibilityGlobals) = postSolution
		SolutionGuid = {E16BAD4D-06CD-4A30-9527-97E098F31FE8}
	EndGlobalSection
EndGlobal
